
Microsoft Visual Studio Solution File, Format Version 11.00
# Visual Studio 2010
Project("{8BC9CEB8-8B4A-11D0-8D11-00A0C91BC942}") = "bigint2013-2", "bigint2013-2\bigint2013-2.vcxproj", "{C4E10863-62CC-4E0B-B903-4186AE62BB46}"
EndProject
Global
	GlobalSection(SolutionConfigurationPlatforms) = preSolution
		Debug|Win32 = Debug|Win32
		Release|Win32 = Release|Win32
	EndGlobalSection
	GlobalSection(ProjectConfigurationPlatforms) = postSolution
		{C4E10863-62CC-4E0B-B903-4186AE62BB46}.Debug|Win32.ActiveCfg = Debug|Win32
		{C4E10863-62CC-4E0B-B903-4186AE62BB46}.Debug|Win32.Build.0 = Debug|Win32
		{C4E10863-62CC-4E0B-B903-4186AE62BB46}.Release|Win32.ActiveCfg = Release|Win32
		{C4E10863-62CC-4E0B-B903-4186AE62BB46}.Release|Win32.Build.0 = Release|Win32
	EndGlobalSection
	GlobalSection(SolutionProperties) = preSolution
		HideSolutionNode = FALSE
	EndGlobalSection
EndGlobal
